
Microsoft Visual Studio Solution File, Format Version 12.00
# Visual Studio 15
VisualStudioVersion = 15.0.26124.0
MinimumVisualStudioVersion = 15.0.26124.0
Project("{2150E333-8FDC-42A3-9474-1A3956D46DE8}") = "0_Core", "0_Core", "{02789696-87D6-474B-B208-2C0FFFA742E4}"
EndProject
Project("{2150E333-8FDC-42A3-9474-1A3956D46DE8}") = "1_Server", "1_Server", "{F989E9AF-9969-49A5-A96B-EF42EBBBDF79}"
EndProject
Project("{2150E333-8FDC-42A3-9474-1A3956D46DE8}") = "2_Client", "2_Client", "{5F03BBC5-004F-4EE1-83DE-04DE8D1ED7EA}"
EndProject
Project("{2150E333-8FDC-42A3-9474-1A3956D46DE8}") = "1_Application", "1_Application", "{4DB53A34-7B56-498D-A9A0-5D0C2A43FDD8}"
EndProject
Project("{2150E333-8FDC-42A3-9474-1A3956D46DE8}") = "2_Projections", "2_Projections", "{03445632-7BC9-4390-9543-A31B4E84BA2C}"
EndProject
Project("{2150E333-8FDC-42A3-9474-1A3956D46DE8}") = "3_API", "3_API", "{B1801EF4-921C-4234-8777-46A5CC9EF675}"
EndProject
Project("{2150E333-8FDC-42A3-9474-1A3956D46DE8}") = "4_Ports", "4_Ports", "{EBF0C5AC-AD11-4E38-8034-ABF59A7A58E1}"
EndProject
Project("{2150E333-8FDC-42A3-9474-1A3956D46DE8}") = "5_Adapters", "5_Adapters", "{F431FBAF-B4D3-4BD3-8A4B-4D1C72D92BC9}"
EndProject
Project("{2150E333-8FDC-42A3-9474-1A3956D46DE8}") = "0_Infrastructure", "0_Infrastructure", "{6EC7930B-64DB-4286-A529-2D6E3B8A7BBE}"
EndProject
Project("{2150E333-8FDC-42A3-9474-1A3956D46DE8}") = "Hosts", "Hosts", "{9EB74F80-2530-46D9-A489-02E53EE5933D}"
EndProject
Project("{F2A71F9B-5D33-465A-A702-920D77279786}") = "CQRS.Adapters.InMemoryEventStore", "CQRS.Adapters.InMemoryEventStore\CQRS.Adapters.InMemoryEventStore.fsproj", "{C4AAAFE8-E39E-4974-A905-AF8366D1212F}"
EndProject
Project("{F2A71F9B-5D33-465A-A702-920D77279786}") = "CQRS.Adapters.InMemoryMessageBus", "CQRS.Adapters.InMemoryMessageBus\CQRS.Adapters.InMemoryMessageBus.fsproj", "{F815376E-54E5-4E3F-B40E-2AFE0FEF91EC}"
EndProject
Project("{F2A71F9B-5D33-465A-A702-920D77279786}") = "CQRS.Adapters.InMemoryProjectionStore", "CQRS.Adapters.InMemoryProjectionStore\CQRS.Adapters.InMemoryProjectionStore.fsproj", "{4FE6E371-B3BB-418A-A0F4-6900E3E52E09}"
EndProject
Project("{F2A71F9B-5D33-465A-A702-920D77279786}") = "CQRS.Adapters.MartenDbEventStore", "CQRS.Adapters.MartenDbEventStore\CQRS.Adapters.MartenDbEventStore.fsproj", "{CBCBA0E5-A0ED-4C54-A5DE-4E843040B3B9}"
EndProject
Project("{F2A71F9B-5D33-465A-A702-920D77279786}") = "CQRS.Adapters.MartenDbProjectionStore", "CQRS.Adapters.MartenDbProjectionStore\CQRS.Adapters.MartenDbProjectionStore.fsproj", "{754EA4CC-1AA9-42F3-B950-66078F12DD78}"
EndProject
Project("{F2A71F9B-5D33-465A-A702-920D77279786}") = "CQRS.Adapters.MassTransitMessageBus", "CQRS.Adapters.MassTransitMessageBus\CQRS.Adapters.MassTransitMessageBus.fsproj", "{36F1A02D-B541-4876-9D18-0AB73F318FF5}"
EndProject
Project("{F2A71F9B-5D33-465A-A702-920D77279786}") = "CQRS.API", "CQRS.API\CQRS.API.fsproj", "{EEFDDC0D-8C1E-40EA-B89B-A2D16C6925A2}"
EndProject
Project("{F2A71F9B-5D33-465A-A702-920D77279786}") = "CQRS.API.Host", "CQRS.API.Host\CQRS.API.Host.fsproj", "{888442E7-DA68-4008-A8EF-A8948486CC5F}"
EndProject
Project("{F2A71F9B-5D33-465A-A702-920D77279786}") = "CQRS.API.Tests", "CQRS.API.Tests\CQRS.API.Tests.fsproj", "{66B690BF-3E3E-4B1B-BA86-81FDFC978139}"
EndProject
Project("{F2A71F9B-5D33-465A-A702-920D77279786}") = "CQRS.Application", "CQRS.Application\CQRS.Application.fsproj", "{376E8D7B-03EB-4F76-8265-478D6A6D7259}"
EndProject
Project("{F2A71F9B-5D33-465A-A702-920D77279786}") = "CQRS.Application.Host", "CQRS.Application.Host\CQRS.Application.Host.fsproj", "{F61B7A64-5688-484C-B73A-BE4D2D8D3199}"
EndProject
Project("{F2A71F9B-5D33-465A-A702-920D77279786}") = "CQRS.Application.MassTransitConsumers", "CQRS.Application.MassTransitConsumers\CQRS.Application.MassTransitConsumers.fsproj", "{CD1253FD-C78D-4D5F-BA2A-60EF3087A4E0}"
EndProject
Project("{F2A71F9B-5D33-465A-A702-920D77279786}") = "CQRS.Application.Tests", "CQRS.Application.Tests\CQRS.Application.Tests.fsproj", "{DD2C536D-6987-4337-8172-AB0523DDC39D}"
EndProject
Project("{F2A71F9B-5D33-465A-A702-920D77279786}") = "CQRS.CLI", "CQRS.CLI\CQRS.CLI.fsproj", "{5BC6F134-B9EA-4622-8CCE-F48B0E032503}"
EndProject
Project("{F2A71F9B-5D33-465A-A702-920D77279786}") = "CQRS.Configuration", "CQRS.Configuration\CQRS.Configuration.fsproj", "{DD49F62F-AF5C-4995-AE1C-D7A40A1DA091}"
EndProject
Project("{F2A71F9B-5D33-465A-A702-920D77279786}") = "CQRS.Domain", "CQRS.Domain\CQRS.Domain.fsproj", "{A52CD529-6895-461B-A771-D578F7402F8A}"
EndProject
Project("{F2A71F9B-5D33-465A-A702-920D77279786}") = "CQRS.Domain.Tests", "CQRS.Domain.Tests\CQRS.Domain.Tests.fsproj", "{0DD916A1-63B9-4F30-BCCE-B1AC918744B5}"
EndProject
Project("{F2A71F9B-5D33-465A-A702-920D77279786}") = "CQRS.DTO", "CQRS.DTO\CQRS.DTO.fsproj", "{F4BD567F-BF54-467F-A2F4-CC59BC0D64CD}"
EndProject
Project("{F2A71F9B-5D33-465A-A702-920D77279786}") = "CQRS.EntityIds", "CQRS.EntityIds\CQRS.EntityIds.fsproj", "{3A9E7CC4-23FE-4EBF-8DA6-ABBE38E64001}"
EndProject
Project("{F2A71F9B-5D33-465A-A702-920D77279786}") = "CQRS.Infrastructure", "CQRS.Infrastructure\CQRS.Infrastructure.fsproj", "{108CFDE2-CD62-48F3-A56C-88647BF84B61}"
EndProject
Project("{F2A71F9B-5D33-465A-A702-920D77279786}") = "CQRS.Mapping", "CQRS.Mapping\CQRS.Mapping.fsproj", "{23ECE9E3-D93C-48C7-AF6B-4FCB971F2907}"
EndProject
Project("{F2A71F9B-5D33-465A-A702-920D77279786}") = "CQRS.Ports.EventStore", "CQRS.Ports.EventStore\CQRS.Ports.EventStore.fsproj", "{2BD14A0A-1C11-486E-9DE6-D0DB70434F1F}"
EndProject
Project("{F2A71F9B-5D33-465A-A702-920D77279786}") = "CQRS.Ports.MessageBus", "CQRS.Ports.MessageBus\CQRS.Ports.MessageBus.fsproj", "{2C6EF9FE-746F-423C-9F92-65B629382280}"
EndProject
Project("{F2A71F9B-5D33-465A-A702-920D77279786}") = "CQRS.Ports.ProjectionStore", "CQRS.Ports.ProjectionStore\CQRS.Ports.ProjectionStore.fsproj", "{6EBB5820-7853-4868-96CE-1155F3A27C82}"
EndProject
Project("{F2A71F9B-5D33-465A-A702-920D77279786}") = "CQRS.Ports.Time", "CQRS.Ports.Time\CQRS.Ports.Time.fsproj", "{D9D16B37-5B20-44A5-AD02-7FA5233999C9}"
EndProject
Project("{F2A71F9B-5D33-465A-A702-920D77279786}") = "CQRS.Projections", "CQRS.Projections\CQRS.Projections.fsproj", "{689828ED-C311-469E-8BD4-CF5995E0E531}"
EndProject
Project("{F2A71F9B-5D33-465A-A702-920D77279786}") = "CQRS.Projections.MassTransitConsumers", "CQRS.Projections.MassTransitConsumers\CQRS.Projections.MassTransitConsumers.fsproj", "{75F3A81C-6D33-41F0-A59A-013628C76D9D}"
EndProject
Project("{F2A71F9B-5D33-465A-A702-920D77279786}") = "CQRS.Projections.Tests", "CQRS.Projections.Tests\CQRS.Projections.Tests.fsproj", "{A4C86FE9-1B4C-405F-AF01-99A46EB6241A}"
EndProject
Project("{F2A71F9B-5D33-465A-A702-920D77279786}") = "CQRS.Projections.ViewModels", "CQRS.Projections.ViewModels\CQRS.Projections.ViewModels.fsproj", "{6CE8BF6D-3F9D-4BF4-85BA-5F535B87E4E6}"
EndProject
Project("{2150E333-8FDC-42A3-9474-1A3956D46DE8}") = "_devops_", "_devops_", "{26EB687D-0F5F-4714-AEC6-3BE288A42400}"
	ProjectSection(SolutionItems) = preProject
		..\build.ps1 = ..\build.ps1
		..\docker-compose.yaml = ..\docker-compose.yaml
		CQRS.Application.Host\cqrs-app.Dockerfile = CQRS.Application.Host\cqrs-app.Dockerfile
		CQRS.API.Host\cqrs-api.Dockerfile = CQRS.API.Host\cqrs-api.Dockerfile
		CQRS.CLI\cqrs-cli.Dockerfile = CQRS.CLI\cqrs-cli.Dockerfile
		Directory.Packages.props = Directory.Packages.props
	EndProjectSection
EndProject
Project("{2150E333-8FDC-42A3-9474-1A3956D46DE8}") = "_doc_", "_doc_", "{F423C139-AC78-4C95-AB12-CD4C90731DB4}"
	ProjectSection(SolutionItems) = preProject
		..\README.md = ..\README.md
	EndProjectSection
EndProject
Project("{2150E333-8FDC-42A3-9474-1A3956D46DE8}") = "_scratchpad_", "_scratchpad_", "{8328D7DD-2274-404E-BE1D-A496666732F6}"
	ProjectSection(SolutionItems) = preProject
		.\scratchpad.fsx = .\scratchpad.fsx
	EndProjectSection
EndProject
Global
	GlobalSection(SolutionConfigurationPlatforms) = preSolution
		Debug|Any CPU = Debug|Any CPU
		Release|Any CPU = Release|Any CPU
	EndGlobalSection
	GlobalSection(SolutionProperties) = preSolution
		HideSolutionNode = FALSE
	EndGlobalSection
	GlobalSection(ProjectConfigurationPlatforms) = postSolution
		{EEFDDC0D-8C1E-40EA-B89B-A2D16C6925A2}.Debug|Any CPU.ActiveCfg = Debug|Any CPU
		{EEFDDC0D-8C1E-40EA-B89B-A2D16C6925A2}.Debug|Any CPU.Build.0 = Debug|Any CPU
		{EEFDDC0D-8C1E-40EA-B89B-A2D16C6925A2}.Release|Any CPU.ActiveCfg = Release|Any CPU
		{EEFDDC0D-8C1E-40EA-B89B-A2D16C6925A2}.Release|Any CPU.Build.0 = Release|Any CPU
		{66B690BF-3E3E-4B1B-BA86-81FDFC978139}.Debug|Any CPU.ActiveCfg = Debug|Any CPU
		{66B690BF-3E3E-4B1B-BA86-81FDFC978139}.Debug|Any CPU.Build.0 = Debug|Any CPU
		{66B690BF-3E3E-4B1B-BA86-81FDFC978139}.Release|Any CPU.ActiveCfg = Release|Any CPU
		{66B690BF-3E3E-4B1B-BA86-81FDFC978139}.Release|Any CPU.Build.0 = Release|Any CPU
		{5BC6F134-B9EA-4622-8CCE-F48B0E032503}.Debug|Any CPU.ActiveCfg = Debug|Any CPU
		{5BC6F134-B9EA-4622-8CCE-F48B0E032503}.Debug|Any CPU.Build.0 = Debug|Any CPU
		{5BC6F134-B9EA-4622-8CCE-F48B0E032503}.Release|Any CPU.ActiveCfg = Release|Any CPU
		{5BC6F134-B9EA-4622-8CCE-F48B0E032503}.Release|Any CPU.Build.0 = Release|Any CPU
		{376E8D7B-03EB-4F76-8265-478D6A6D7259}.Debug|Any CPU.ActiveCfg = Debug|Any CPU
		{376E8D7B-03EB-4F76-8265-478D6A6D7259}.Debug|Any CPU.Build.0 = Debug|Any CPU
		{376E8D7B-03EB-4F76-8265-478D6A6D7259}.Release|Any CPU.ActiveCfg = Release|Any CPU
		{376E8D7B-03EB-4F76-8265-478D6A6D7259}.Release|Any CPU.Build.0 = Release|Any CPU
		{DD2C536D-6987-4337-8172-AB0523DDC39D}.Debug|Any CPU.ActiveCfg = Debug|Any CPU
		{DD2C536D-6987-4337-8172-AB0523DDC39D}.Debug|Any CPU.Build.0 = Debug|Any CPU
		{DD2C536D-6987-4337-8172-AB0523DDC39D}.Release|Any CPU.ActiveCfg = Release|Any CPU
		{DD2C536D-6987-4337-8172-AB0523DDC39D}.Release|Any CPU.Build.0 = Release|Any CPU
		{888442E7-DA68-4008-A8EF-A8948486CC5F}.Debug|Any CPU.ActiveCfg = Debug|Any CPU
		{888442E7-DA68-4008-A8EF-A8948486CC5F}.Debug|Any CPU.Build.0 = Debug|Any CPU
		{888442E7-DA68-4008-A8EF-A8948486CC5F}.Release|Any CPU.ActiveCfg = Release|Any CPU
		{888442E7-DA68-4008-A8EF-A8948486CC5F}.Release|Any CPU.Build.0 = Release|Any CPU
		{F4BD567F-BF54-467F-A2F4-CC59BC0D64CD}.Debug|Any CPU.ActiveCfg = Debug|Any CPU
		{F4BD567F-BF54-467F-A2F4-CC59BC0D64CD}.Debug|Any CPU.Build.0 = Debug|Any CPU
		{F4BD567F-BF54-467F-A2F4-CC59BC0D64CD}.Release|Any CPU.ActiveCfg = Release|Any CPU
		{F4BD567F-BF54-467F-A2F4-CC59BC0D64CD}.Release|Any CPU.Build.0 = Release|Any CPU
		{F61B7A64-5688-484C-B73A-BE4D2D8D3199}.Debug|Any CPU.ActiveCfg = Debug|Any CPU
		{F61B7A64-5688-484C-B73A-BE4D2D8D3199}.Debug|Any CPU.Build.0 = Debug|Any CPU
		{F61B7A64-5688-484C-B73A-BE4D2D8D3199}.Release|Any CPU.ActiveCfg = Release|Any CPU
		{F61B7A64-5688-484C-B73A-BE4D2D8D3199}.Release|Any CPU.Build.0 = Release|Any CPU
		{689828ED-C311-469E-8BD4-CF5995E0E531}.Debug|Any CPU.ActiveCfg = Debug|Any CPU
		{689828ED-C311-469E-8BD4-CF5995E0E531}.Debug|Any CPU.Build.0 = Debug|Any CPU
		{689828ED-C311-469E-8BD4-CF5995E0E531}.Release|Any CPU.ActiveCfg = Release|Any CPU
		{689828ED-C311-469E-8BD4-CF5995E0E531}.Release|Any CPU.Build.0 = Release|Any CPU
		{A52CD529-6895-461B-A771-D578F7402F8A}.Debug|Any CPU.ActiveCfg = Debug|Any CPU
		{A52CD529-6895-461B-A771-D578F7402F8A}.Debug|Any CPU.Build.0 = Debug|Any CPU
		{A52CD529-6895-461B-A771-D578F7402F8A}.Release|Any CPU.ActiveCfg = Release|Any CPU
		{A52CD529-6895-461B-A771-D578F7402F8A}.Release|Any CPU.Build.0 = Release|Any CPU
		{0DD916A1-63B9-4F30-BCCE-B1AC918744B5}.Debug|Any CPU.ActiveCfg = Debug|Any CPU
		{0DD916A1-63B9-4F30-BCCE-B1AC918744B5}.Debug|Any CPU.Build.0 = Debug|Any CPU
		{0DD916A1-63B9-4F30-BCCE-B1AC918744B5}.Release|Any CPU.ActiveCfg = Release|Any CPU
		{0DD916A1-63B9-4F30-BCCE-B1AC918744B5}.Release|Any CPU.Build.0 = Release|Any CPU
		{2C6EF9FE-746F-423C-9F92-65B629382280}.Debug|Any CPU.ActiveCfg = Debug|Any CPU
		{2C6EF9FE-746F-423C-9F92-65B629382280}.Debug|Any CPU.Build.0 = Debug|Any CPU
		{2C6EF9FE-746F-423C-9F92-65B629382280}.Release|Any CPU.ActiveCfg = Release|Any CPU
		{2C6EF9FE-746F-423C-9F92-65B629382280}.Release|Any CPU.Build.0 = Release|Any CPU
		{6EBB5820-7853-4868-96CE-1155F3A27C82}.Debug|Any CPU.ActiveCfg = Debug|Any CPU
		{6EBB5820-7853-4868-96CE-1155F3A27C82}.Debug|Any CPU.Build.0 = Debug|Any CPU
		{6EBB5820-7853-4868-96CE-1155F3A27C82}.Release|Any CPU.ActiveCfg = Release|Any CPU
		{6EBB5820-7853-4868-96CE-1155F3A27C82}.Release|Any CPU.Build.0 = Release|Any CPU
		{36F1A02D-B541-4876-9D18-0AB73F318FF5}.Debug|Any CPU.ActiveCfg = Debug|Any CPU
		{36F1A02D-B541-4876-9D18-0AB73F318FF5}.Debug|Any CPU.Build.0 = Debug|Any CPU
		{36F1A02D-B541-4876-9D18-0AB73F318FF5}.Release|Any CPU.ActiveCfg = Release|Any CPU
		{36F1A02D-B541-4876-9D18-0AB73F318FF5}.Release|Any CPU.Build.0 = Release|Any CPU
		{754EA4CC-1AA9-42F3-B950-66078F12DD78}.Debug|Any CPU.ActiveCfg = Debug|Any CPU
		{754EA4CC-1AA9-42F3-B950-66078F12DD78}.Debug|Any CPU.Build.0 = Debug|Any CPU
		{754EA4CC-1AA9-42F3-B950-66078F12DD78}.Release|Any CPU.ActiveCfg = Release|Any CPU
		{754EA4CC-1AA9-42F3-B950-66078F12DD78}.Release|Any CPU.Build.0 = Release|Any CPU
		{2BD14A0A-1C11-486E-9DE6-D0DB70434F1F}.Debug|Any CPU.ActiveCfg = Debug|Any CPU
		{2BD14A0A-1C11-486E-9DE6-D0DB70434F1F}.Debug|Any CPU.Build.0 = Debug|Any CPU
		{2BD14A0A-1C11-486E-9DE6-D0DB70434F1F}.Release|Any CPU.ActiveCfg = Release|Any CPU
		{2BD14A0A-1C11-486E-9DE6-D0DB70434F1F}.Release|Any CPU.Build.0 = Release|Any CPU
		{CBCBA0E5-A0ED-4C54-A5DE-4E843040B3B9}.Debug|Any CPU.ActiveCfg = Debug|Any CPU
		{CBCBA0E5-A0ED-4C54-A5DE-4E843040B3B9}.Debug|Any CPU.Build.0 = Debug|Any CPU
		{CBCBA0E5-A0ED-4C54-A5DE-4E843040B3B9}.Release|Any CPU.ActiveCfg = Release|Any CPU
		{CBCBA0E5-A0ED-4C54-A5DE-4E843040B3B9}.Release|Any CPU.Build.0 = Release|Any CPU
		{23ECE9E3-D93C-48C7-AF6B-4FCB971F2907}.Debug|Any CPU.ActiveCfg = Debug|Any CPU
		{23ECE9E3-D93C-48C7-AF6B-4FCB971F2907}.Debug|Any CPU.Build.0 = Debug|Any CPU
		{23ECE9E3-D93C-48C7-AF6B-4FCB971F2907}.Release|Any CPU.ActiveCfg = Release|Any CPU
		{23ECE9E3-D93C-48C7-AF6B-4FCB971F2907}.Release|Any CPU.Build.0 = Release|Any CPU
		{C4AAAFE8-E39E-4974-A905-AF8366D1212F}.Debug|Any CPU.ActiveCfg = Debug|Any CPU
		{C4AAAFE8-E39E-4974-A905-AF8366D1212F}.Debug|Any CPU.Build.0 = Debug|Any CPU
		{C4AAAFE8-E39E-4974-A905-AF8366D1212F}.Release|Any CPU.ActiveCfg = Release|Any CPU
		{C4AAAFE8-E39E-4974-A905-AF8366D1212F}.Release|Any CPU.Build.0 = Release|Any CPU
		{F815376E-54E5-4E3F-B40E-2AFE0FEF91EC}.Debug|Any CPU.ActiveCfg = Debug|Any CPU
		{F815376E-54E5-4E3F-B40E-2AFE0FEF91EC}.Debug|Any CPU.Build.0 = Debug|Any CPU
		{F815376E-54E5-4E3F-B40E-2AFE0FEF91EC}.Release|Any CPU.ActiveCfg = Release|Any CPU
		{F815376E-54E5-4E3F-B40E-2AFE0FEF91EC}.Release|Any CPU.Build.0 = Release|Any CPU
		{4FE6E371-B3BB-418A-A0F4-6900E3E52E09}.Debug|Any CPU.ActiveCfg = Debug|Any CPU
		{4FE6E371-B3BB-418A-A0F4-6900E3E52E09}.Debug|Any CPU.Build.0 = Debug|Any CPU
		{4FE6E371-B3BB-418A-A0F4-6900E3E52E09}.Release|Any CPU.ActiveCfg = Release|Any CPU
		{4FE6E371-B3BB-418A-A0F4-6900E3E52E09}.Release|Any CPU.Build.0 = Release|Any CPU
		{DD49F62F-AF5C-4995-AE1C-D7A40A1DA091}.Debug|Any CPU.ActiveCfg = Debug|Any CPU
		{DD49F62F-AF5C-4995-AE1C-D7A40A1DA091}.Debug|Any CPU.Build.0 = Debug|Any CPU
		{DD49F62F-AF5C-4995-AE1C-D7A40A1DA091}.Release|Any CPU.ActiveCfg = Release|Any CPU
		{DD49F62F-AF5C-4995-AE1C-D7A40A1DA091}.Release|Any CPU.Build.0 = Release|Any CPU
		{108CFDE2-CD62-48F3-A56C-88647BF84B61}.Debug|Any CPU.ActiveCfg = Debug|Any CPU
		{108CFDE2-CD62-48F3-A56C-88647BF84B61}.Debug|Any CPU.Build.0 = Debug|Any CPU
		{108CFDE2-CD62-48F3-A56C-88647BF84B61}.Release|Any CPU.ActiveCfg = Release|Any CPU
		{108CFDE2-CD62-48F3-A56C-88647BF84B61}.Release|Any CPU.Build.0 = Release|Any CPU
		{CD1253FD-C78D-4D5F-BA2A-60EF3087A4E0}.Debug|Any CPU.ActiveCfg = Debug|Any CPU
		{CD1253FD-C78D-4D5F-BA2A-60EF3087A4E0}.Debug|Any CPU.Build.0 = Debug|Any CPU
		{CD1253FD-C78D-4D5F-BA2A-60EF3087A4E0}.Release|Any CPU.ActiveCfg = Release|Any CPU
		{CD1253FD-C78D-4D5F-BA2A-60EF3087A4E0}.Release|Any CPU.Build.0 = Release|Any CPU
		{3A9E7CC4-23FE-4EBF-8DA6-ABBE38E64001}.Debug|Any CPU.ActiveCfg = Debug|Any CPU
		{3A9E7CC4-23FE-4EBF-8DA6-ABBE38E64001}.Debug|Any CPU.Build.0 = Debug|Any CPU
		{3A9E7CC4-23FE-4EBF-8DA6-ABBE38E64001}.Release|Any CPU.ActiveCfg = Release|Any CPU
		{3A9E7CC4-23FE-4EBF-8DA6-ABBE38E64001}.Release|Any CPU.Build.0 = Release|Any CPU
		{75F3A81C-6D33-41F0-A59A-013628C76D9D}.Debug|Any CPU.ActiveCfg = Debug|Any CPU
		{75F3A81C-6D33-41F0-A59A-013628C76D9D}.Debug|Any CPU.Build.0 = Debug|Any CPU
		{75F3A81C-6D33-41F0-A59A-013628C76D9D}.Release|Any CPU.ActiveCfg = Release|Any CPU
		{75F3A81C-6D33-41F0-A59A-013628C76D9D}.Release|Any CPU.Build.0 = Release|Any CPU
		{A4C86FE9-1B4C-405F-AF01-99A46EB6241A}.Debug|Any CPU.ActiveCfg = Debug|Any CPU
		{A4C86FE9-1B4C-405F-AF01-99A46EB6241A}.Debug|Any CPU.Build.0 = Debug|Any CPU
		{A4C86FE9-1B4C-405F-AF01-99A46EB6241A}.Release|Any CPU.ActiveCfg = Release|Any CPU
		{A4C86FE9-1B4C-405F-AF01-99A46EB6241A}.Release|Any CPU.Build.0 = Release|Any CPU
		{6CE8BF6D-3F9D-4BF4-85BA-5F535B87E4E6}.Debug|Any CPU.ActiveCfg = Debug|Any CPU
		{6CE8BF6D-3F9D-4BF4-85BA-5F535B87E4E6}.Debug|Any CPU.Build.0 = Debug|Any CPU
		{6CE8BF6D-3F9D-4BF4-85BA-5F535B87E4E6}.Release|Any CPU.ActiveCfg = Release|Any CPU
		{6CE8BF6D-3F9D-4BF4-85BA-5F535B87E4E6}.Release|Any CPU.Build.0 = Release|Any CPU
		{D9D16B37-5B20-44A5-AD02-7FA5233999C9}.Debug|Any CPU.ActiveCfg = Debug|Any CPU
		{D9D16B37-5B20-44A5-AD02-7FA5233999C9}.Debug|Any CPU.Build.0 = Debug|Any CPU
		{D9D16B37-5B20-44A5-AD02-7FA5233999C9}.Release|Any CPU.ActiveCfg = Release|Any CPU
		{D9D16B37-5B20-44A5-AD02-7FA5233999C9}.Release|Any CPU.Build.0 = Release|Any CPU
	EndGlobalSection
	GlobalSection(NestedProjects) = preSolution
		{5BC6F134-B9EA-4622-8CCE-F48B0E032503} = {5F03BBC5-004F-4EE1-83DE-04DE8D1ED7EA}
		{4DB53A34-7B56-498D-A9A0-5D0C2A43FDD8} = {F989E9AF-9969-49A5-A96B-EF42EBBBDF79}
		{A52CD529-6895-461B-A771-D578F7402F8A} = {02789696-87D6-474B-B208-2C0FFFA742E4}
		{0DD916A1-63B9-4F30-BCCE-B1AC918744B5} = {02789696-87D6-474B-B208-2C0FFFA742E4}
		{F4BD567F-BF54-467F-A2F4-CC59BC0D64CD} = {02789696-87D6-474B-B208-2C0FFFA742E4}
		{376E8D7B-03EB-4F76-8265-478D6A6D7259} = {4DB53A34-7B56-498D-A9A0-5D0C2A43FDD8}
		{DD2C536D-6987-4337-8172-AB0523DDC39D} = {4DB53A34-7B56-498D-A9A0-5D0C2A43FDD8}
		{B1801EF4-921C-4234-8777-46A5CC9EF675} = {F989E9AF-9969-49A5-A96B-EF42EBBBDF79}
		{EEFDDC0D-8C1E-40EA-B89B-A2D16C6925A2} = {B1801EF4-921C-4234-8777-46A5CC9EF675}
		{66B690BF-3E3E-4B1B-BA86-81FDFC978139} = {B1801EF4-921C-4234-8777-46A5CC9EF675}
		{EBF0C5AC-AD11-4E38-8034-ABF59A7A58E1} = {F989E9AF-9969-49A5-A96B-EF42EBBBDF79}
		{F431FBAF-B4D3-4BD3-8A4B-4D1C72D92BC9} = {F989E9AF-9969-49A5-A96B-EF42EBBBDF79}
		{9EB74F80-2530-46D9-A489-02E53EE5933D} = {F989E9AF-9969-49A5-A96B-EF42EBBBDF79}
		{888442E7-DA68-4008-A8EF-A8948486CC5F} = {9EB74F80-2530-46D9-A489-02E53EE5933D}
		{F61B7A64-5688-484C-B73A-BE4D2D8D3199} = {9EB74F80-2530-46D9-A489-02E53EE5933D}
		{2C6EF9FE-746F-423C-9F92-65B629382280} = {EBF0C5AC-AD11-4E38-8034-ABF59A7A58E1}
		{6EBB5820-7853-4868-96CE-1155F3A27C82} = {EBF0C5AC-AD11-4E38-8034-ABF59A7A58E1}
		{36F1A02D-B541-4876-9D18-0AB73F318FF5} = {F431FBAF-B4D3-4BD3-8A4B-4D1C72D92BC9}
		{754EA4CC-1AA9-42F3-B950-66078F12DD78} = {F431FBAF-B4D3-4BD3-8A4B-4D1C72D92BC9}
		{2BD14A0A-1C11-486E-9DE6-D0DB70434F1F} = {EBF0C5AC-AD11-4E38-8034-ABF59A7A58E1}
		{CBCBA0E5-A0ED-4C54-A5DE-4E843040B3B9} = {F431FBAF-B4D3-4BD3-8A4B-4D1C72D92BC9}
		{23ECE9E3-D93C-48C7-AF6B-4FCB971F2907} = {02789696-87D6-474B-B208-2C0FFFA742E4}
		{C4AAAFE8-E39E-4974-A905-AF8366D1212F} = {F431FBAF-B4D3-4BD3-8A4B-4D1C72D92BC9}
		{F815376E-54E5-4E3F-B40E-2AFE0FEF91EC} = {F431FBAF-B4D3-4BD3-8A4B-4D1C72D92BC9}
		{4FE6E371-B3BB-418A-A0F4-6900E3E52E09} = {F431FBAF-B4D3-4BD3-8A4B-4D1C72D92BC9}
		{CD1253FD-C78D-4D5F-BA2A-60EF3087A4E0} = {4DB53A34-7B56-498D-A9A0-5D0C2A43FDD8}
		{3A9E7CC4-23FE-4EBF-8DA6-ABBE38E64001} = {02789696-87D6-474B-B208-2C0FFFA742E4}
		{03445632-7BC9-4390-9543-A31B4E84BA2C} = {F989E9AF-9969-49A5-A96B-EF42EBBBDF79}
		{689828ED-C311-469E-8BD4-CF5995E0E531} = {03445632-7BC9-4390-9543-A31B4E84BA2C}
		{A4C86FE9-1B4C-405F-AF01-99A46EB6241A} = {03445632-7BC9-4390-9543-A31B4E84BA2C}
		{75F3A81C-6D33-41F0-A59A-013628C76D9D} = {03445632-7BC9-4390-9543-A31B4E84BA2C}
		{DD49F62F-AF5C-4995-AE1C-D7A40A1DA091} = {6EC7930B-64DB-4286-A529-2D6E3B8A7BBE}
		{108CFDE2-CD62-48F3-A56C-88647BF84B61} = {6EC7930B-64DB-4286-A529-2D6E3B8A7BBE}
		{6EC7930B-64DB-4286-A529-2D6E3B8A7BBE} = {9EB74F80-2530-46D9-A489-02E53EE5933D}
		{6CE8BF6D-3F9D-4BF4-85BA-5F535B87E4E6} = {03445632-7BC9-4390-9543-A31B4E84BA2C}
		{D9D16B37-5B20-44A5-AD02-7FA5233999C9} = {EBF0C5AC-AD11-4E38-8034-ABF59A7A58E1}
	EndGlobalSection
EndGlobal
